
Microsoft Visual Studio Solution File, Format Version 12.00
# Visual Studio Version 17
VisualStudioVersion = 17.2.32602.215
MinimumVisualStudioVersion = 10.0.40219.1
Project("{FAE04EC0-301F-11D3-BF4B-00C04F79EFBC}") = "CRUD", "CRUD.csproj", "{8EA3B5DE-9098-494C-BC8E-C2C65CCE0608}"
EndProject
Global
	GlobalSection(SolutionConfigurationPlatforms) = preSolution
		Debug|Any CPU = Debug|Any CPU
		Release|Any CPU = Release|Any CPU
	EndGlobalSection
	GlobalSection(ProjectConfigurationPlatforms) = postSolution
		{8EA3B5DE-9098-494C-BC8E-C2C65CCE0608}.Debug|Any CPU.ActiveCfg = Debug|Any CPU
		{8EA3B5DE-9098-494C-BC8E-C2C65CCE0608}.Debug|Any CPU.Build.0 = Debug|Any CPU
		{8EA3B5DE-9098-494C-BC8E-C2C65CCE0608}.Release|Any CPU.ActiveCfg = Release|Any CPU
		{8EA3B5DE-9098-494C-BC8E-C2C65CCE0608}.Release|Any CPU.Build.0 = Release|Any CPU
	EndGlobalSection
	GlobalSection(SolutionProperties) = preSolution
		HideSolutionNode = FALSE
	EndGlobalSection
	GlobalSection(ExtensibilityGlobals) = postSolution
		SolutionGuid = {A031C551-B96F-47C8-8AB2-8C77DB22FE49}
	EndGlobalSection
EndGlobal
